
Microsoft Visual Studio Solution File, Format Version 12.00
# Visual Studio Version 17
VisualStudioVersion = 17.2.32526.322
MinimumVisualStudioVersion = 10.0.40219.1
Project("{9A19103F-16F7-4668-BE54-9A1E7A4F7556}") = "Poc_Instagram", "Poc_Instagram\Poc_Instagram.csproj", "{BA1C1154-5A99-454F-8825-0DBE32AE5197}"
EndProject
Project("{FAE04EC0-301F-11D3-BF4B-00C04F79EFBC}") = "Poc2.0", "Poc2.0\Poc2.0.csproj", "{15F0BFAC-C0C4-4DEA-BB0E-EE60ED070A0E}"
EndProject
Global
	GlobalSection(SolutionConfigurationPlatforms) = preSolution
		Debug|Any CPU = Debug|Any CPU
		Release|Any CPU = Release|Any CPU
	EndGlobalSection
	GlobalSection(ProjectConfigurationPlatforms) = postSolution
		{BA1C1154-5A99-454F-8825-0DBE32AE5197}.Debug|Any CPU.ActiveCfg = Debug|Any CPU
		{BA1C1154-5A99-454F-8825-0DBE32AE5197}.Debug|Any CPU.Build.0 = Debug|Any CPU
		{BA1C1154-5A99-454F-8825-0DBE32AE5197}.Release|Any CPU.ActiveCfg = Release|Any CPU
		{BA1C1154-5A99-454F-8825-0DBE32AE5197}.Release|Any CPU.Build.0 = Release|Any CPU
		{15F0BFAC-C0C4-4DEA-BB0E-EE60ED070A0E}.Debug|Any CPU.ActiveCfg = Debug|Any CPU
		{15F0BFAC-C0C4-4DEA-BB0E-EE60ED070A0E}.Debug|Any CPU.Build.0 = Debug|Any CPU
		{15F0BFAC-C0C4-4DEA-BB0E-EE60ED070A0E}.Release|Any CPU.ActiveCfg = Release|Any CPU
		{15F0BFAC-C0C4-4DEA-BB0E-EE60ED070A0E}.Release|Any CPU.Build.0 = Release|Any CPU
	EndGlobalSection
	GlobalSection(SolutionProperties) = preSolution
		HideSolutionNode = FALSE
	EndGlobalSection
	GlobalSection(ExtensibilityGlobals) = postSolution
		SolutionGuid = {CEA2BAEC-C559-4E40-9803-65950FCCD4B4}
	EndGlobalSection
EndGlobal
